
Microsoft Visual Studio Solution File, Format Version 12.00
# Visual Studio Version 17
VisualStudioVersion = 17.11.35327.3
MinimumVisualStudioVersion = 10.0.40219.1
Project("{FAE04EC0-301F-11D3-BF4B-00C04F79EFBC}") = "QuizzProgra", "QuizzProgra\QuizzProgra.csproj", "{F9DCD188-5CBD-4349-9983-E8125F402F77}"
EndProject
Global
	GlobalSection(SolutionConfigurationPlatforms) = preSolution
		Debug|Any CPU = Debug|Any CPU
		Release|Any CPU = Release|Any CPU
	EndGlobalSection
	GlobalSection(ProjectConfigurationPlatforms) = postSolution
		{F9DCD188-5CBD-4349-9983-E8125F402F77}.Debug|Any CPU.ActiveCfg = Debug|Any CPU
		{F9DCD188-5CBD-4349-9983-E8125F402F77}.Debug|Any CPU.Build.0 = Debug|Any CPU
		{F9DCD188-5CBD-4349-9983-E8125F402F77}.Release|Any CPU.ActiveCfg = Release|Any CPU
		{F9DCD188-5CBD-4349-9983-E8125F402F77}.Release|Any CPU.Build.0 = Release|Any CPU
	EndGlobalSection
	GlobalSection(SolutionProperties) = preSolution
		HideSolutionNode = FALSE
	EndGlobalSection
	GlobalSection(ExtensibilityGlobals) = postSolution
		SolutionGuid = {83C8810F-FFBE-4FD2-B881-88A38C7981AA}
	EndGlobalSection
EndGlobal
